
Microsoft Visual Studio Solution File, Format Version 12.00
# Visual Studio Version 16
VisualStudioVersion = 16.0.29326.143
MinimumVisualStudioVersion = 10.0.40219.1
Project("{FAE04EC0-301F-11D3-BF4B-00C04F79EFBC}") = "ProjectWinForm3Layer", "ProjectWinForm3Layer\ProjectWinForm3Layer.csproj", "{ADAEE68B-446C-478F-8290-FC79CBA5DEDC}"
EndProject
Global
	GlobalSection(SolutionConfigurationPlatforms) = preSolution
		Debug|Any CPU = Debug|Any CPU
		Release|Any CPU = Release|Any CPU
	EndGlobalSection
	GlobalSection(ProjectConfigurationPlatforms) = postSolution
		{ADAEE68B-446C-478F-8290-FC79CBA5DEDC}.Debug|Any CPU.ActiveCfg = Debug|Any CPU
		{ADAEE68B-446C-478F-8290-FC79CBA5DEDC}.Debug|Any CPU.Build.0 = Debug|Any CPU
		{ADAEE68B-446C-478F-8290-FC79CBA5DEDC}.Release|Any CPU.ActiveCfg = Release|Any CPU
		{ADAEE68B-446C-478F-8290-FC79CBA5DEDC}.Release|Any CPU.Build.0 = Release|Any CPU
	EndGlobalSection
	GlobalSection(SolutionProperties) = preSolution
		HideSolutionNode = FALSE
	EndGlobalSection
	GlobalSection(ExtensibilityGlobals) = postSolution
		SolutionGuid = {3B62AD03-C23B-4D69-A421-556D6D71CC03}
	EndGlobalSection
EndGlobal
